
Microsoft Visual Studio Solution File, Format Version 12.00
# Visual Studio Version 17
VisualStudioVersion = 17.6.33723.286
MinimumVisualStudioVersion = 10.0.40219.1
Project("{FAE04EC0-301F-11D3-BF4B-00C04F79EFBC}") = "WindowsFormsApp1", "WindowsFormsApp1\WindowsFormsApp1.csproj", "{91748CBB-7904-49B6-A7CE-EE70C03E2BE6}"
EndProject
Global
	GlobalSection(SolutionConfigurationPlatforms) = preSolution
		Debug|Any CPU = Debug|Any CPU
		Release|Any CPU = Release|Any CPU
	EndGlobalSection
	GlobalSection(ProjectConfigurationPlatforms) = postSolution
		{91748CBB-7904-49B6-A7CE-EE70C03E2BE6}.Debug|Any CPU.ActiveCfg = Debug|Any CPU
		{91748CBB-7904-49B6-A7CE-EE70C03E2BE6}.Debug|Any CPU.Build.0 = Debug|Any CPU
		{91748CBB-7904-49B6-A7CE-EE70C03E2BE6}.Release|Any CPU.ActiveCfg = Release|Any CPU
		{91748CBB-7904-49B6-A7CE-EE70C03E2BE6}.Release|Any CPU.Build.0 = Release|Any CPU
	EndGlobalSection
	GlobalSection(SolutionProperties) = preSolution
		HideSolutionNode = FALSE
	EndGlobalSection
	GlobalSection(ExtensibilityGlobals) = postSolution
		SolutionGuid = {45C081C4-AD09-48F5-8476-05270E4E4B1E}
	EndGlobalSection
EndGlobal
